
Microsoft Visual Studio Solution File, Format Version 12.00
# Visual Studio 15
VisualStudioVersion = 15.0.28307.271
MinimumVisualStudioVersion = 10.0.40219.1
Project("{9A19103F-16F7-4668-BE54-9A1E7A4F7556}") = "WaveletTransform", "WaveletTransform\WaveletTransform.csproj", "{BE34BB2C-761A-4DB1-9032-1695775EEAE2}"
EndProject
Global
	GlobalSection(SolutionConfigurationPlatforms) = preSolution
		Debug|Any CPU = Debug|Any CPU
		Release|Any CPU = Release|Any CPU
	EndGlobalSection
	GlobalSection(ProjectConfigurationPlatforms) = postSolution
		{BE34BB2C-761A-4DB1-9032-1695775EEAE2}.Debug|Any CPU.ActiveCfg = Debug|Any CPU
		{BE34BB2C-761A-4DB1-9032-1695775EEAE2}.Debug|Any CPU.Build.0 = Debug|Any CPU
		{BE34BB2C-761A-4DB1-9032-1695775EEAE2}.Release|Any CPU.ActiveCfg = Release|Any CPU
		{BE34BB2C-761A-4DB1-9032-1695775EEAE2}.Release|Any CPU.Build.0 = Release|Any CPU
	EndGlobalSection
	GlobalSection(SolutionProperties) = preSolution
		HideSolutionNode = FALSE
	EndGlobalSection
	GlobalSection(ExtensibilityGlobals) = postSolution
		VisualSVNWorkingCopyRoot = .
		SolutionGuid = {460CA8ED-5811-41F2-90DD-DF344DBA8FA8}
	EndGlobalSection
EndGlobal
